// !$*UTF8*$!
{
	archiveVersion = 1;
	classes = {
	};
	objectVersion = 46;
	objects = {

/* Begin PBXBuildFile section */
		FE14F05717190E770095E460 /* Foundation.framework in Frameworks */ = {isa = PBXBuildFile; fileRef = FE14F05617190E770095E460 /* Foundation.framework */; };
		FE14F06117190E770095E460 /* DrunkMode.mm in Sources */ = {isa = PBXBuildFile; fileRef = FE14F06017190E770095E460 /* DrunkMode.mm */; };
		FE14F06F1719242E0095E460 /* Resources.h in Headers */ = {isa = PBXBuildFile; fileRef = FE14F06D1719242E0095E460 /* Resources.h */; };
		FE14F0701719242E0095E460 /* Resources.mm in Sources */ = {isa = PBXBuildFile; fileRef = FE14F06E1719242E0095E460 /* Resources.mm */; };
		FE14F0741719420B0095E460 /* UIKit.framework in Frameworks */ = {isa = PBXBuildFile; fileRef = FE14F0731719420B0095E460 /* UIKit.framework */; };
/* End PBXBuildFile section */

/* Begin PBXFileReference section */
		FE14F05317190E770095E460 /* DrunkMode.dylib */ = {isa = PBXFileReference; explicitFileType = "compiled.mach-o.dylib"; includeInIndex = 0; path = DrunkMode.dylib; sourceTree = BUILT_PRODUCTS_DIR; };
		FE14F05617190E770095E460 /* Foundation.framework */ = {isa = PBXFileReference; lastKnownFileType = wrapper.framework; name = Foundation.framework; path = System/Library/Frameworks/Foundation.framework; sourceTree = SDKROOT; };
		FE14F05E17190E770095E460 /* PackageVersion.plist */ = {isa = PBXFileReference; lastKnownFileType = text.plist.xml; path = PackageVersion.plist; sourceTree = "<group>"; };
		FE14F05F17190E770095E460 /* DrunkMode-Prefix.pch */ = {isa = PBXFileReference; lastKnownFileType = sourcecode.c.h; path = "DrunkMode-Prefix.pch"; sourceTree = "<group>"; };
		FE14F06017190E770095E460 /* DrunkMode.mm */ = {isa = PBXFileReference; lastKnownFileType = sourcecode.cpp.objcpp; path = DrunkMode.mm; sourceTree = "<group>"; };
		FE14F06517190E770095E460 /* DrunkMode.plist */ = {isa = PBXFileReference; lastKnownFileType = text.plist.xml; name = DrunkMode.plist; path = Package/Library/MobileSubstrate/DynamicLibraries/DrunkMode.plist; sourceTree = "<group>"; };
		FE14F06D1719242E0095E460 /* Resources.h */ = {isa = PBXFileReference; fileEncoding = 4; lastKnownFileType = sourcecode.c.h; path = Resources.h; sourceTree = "<group>"; };
		FE14F06E1719242E0095E460 /* Resources.mm */ = {isa = PBXFileReference; fileEncoding = 4; lastKnownFileType = sourcecode.cpp.objcpp; path = Resources.mm; sourceTree = "<group>"; };
		FE14F0731719420B0095E460 /* UIKit.framework */ = {isa = PBXFileReference; lastKnownFileType = wrapper.framework; name = UIKit.framework; path = System/Library/Frameworks/UIKit.framework; sourceTree = SDKROOT; };
/* End PBXFileReference section */

/* Begin PBXFrameworksBuildPhase section */
		FE14F04F17190E770095E460 /* Frameworks */ = {
			isa = PBXFrameworksBuildPhase;
			buildActionMask = 2147483647;
			files = (
				FE14F0741719420B0095E460 /* UIKit.framework in Frameworks */,
				FE14F05717190E770095E460 /* Foundation.framework in Frameworks */,
			);
			runOnlyForDeploymentPostprocessing = 0;
		};
/* End PBXFrameworksBuildPhase section */

/* Begin PBXGroup section */
		FE14F04917190E770095E460 = {
			isa = PBXGroup;
			children = (
				FE14F05817190E770095E460 /* DrunkMode */,
				FE14F05517190E770095E460 /* Frameworks */,
				FE14F05417190E770095E460 /* Products */,
			);
			sourceTree = "<group>";
		};
		FE14F05417190E770095E460 /* Products */ = {
			isa = PBXGroup;
			children = (
				FE14F05317190E770095E460 /* DrunkMode.dylib */,
			);
			name = Products;
			sourceTree = "<group>";
		};
		FE14F05517190E770095E460 /* Frameworks */ = {
			isa = PBXGroup;
			children = (
				FE14F05617190E770095E460 /* Foundation.framework */,
				FE14F0731719420B0095E460 /* UIKit.framework */,
			);
			name = Frameworks;
			sourceTree = "<group>";
		};
		FE14F05817190E770095E460 /* DrunkMode */ = {
			isa = PBXGroup;
			children = (
				FE14F06017190E770095E460 /* DrunkMode.mm */,
				FE14F06D1719242E0095E460 /* Resources.h */,
				FE14F06E1719242E0095E460 /* Resources.mm */,
				FE14F05917190E770095E460 /* Package */,
				FE14F05D17190E770095E460 /* Supporting Files */,
			);
			path = DrunkMode;
			sourceTree = "<group>";
		};
		FE14F05917190E770095E460 /* Package */ = {
			isa = PBXGroup;
			children = (
				FE14F05A17190E770095E460 /* DEBIAN */,
				FE14F06217190E770095E460 /* Library */,
			);
			name = Package;
			sourceTree = "<group>";
		};
		FE14F05A17190E770095E460 /* DEBIAN */ = {
			isa = PBXGroup;
			children = (
			);
			name = DEBIAN;
			sourceTree = "<group>";
		};
		FE14F05D17190E770095E460 /* Supporting Files */ = {
			isa = PBXGroup;
			children = (
				FE14F05E17190E770095E460 /* PackageVersion.plist */,
				FE14F05F17190E770095E460 /* DrunkMode-Prefix.pch */,
			);
			name = "Supporting Files";
			sourceTree = "<group>";
		};
		FE14F06217190E770095E460 /* Library */ = {
			isa = PBXGroup;
			children = (
				FE14F06317190E770095E460 /* MobileSubstrate */,
			);
			name = Library;
			sourceTree = "<group>";
		};
		FE14F06317190E770095E460 /* MobileSubstrate */ = {
			isa = PBXGroup;
			children = (
				FE14F06417190E770095E460 /* DynamicLibraries */,
			);
			name = MobileSubstrate;
			sourceTree = "<group>";
		};
		FE14F06417190E770095E460 /* DynamicLibraries */ = {
			isa = PBXGroup;
			children = (
				FE14F06517190E770095E460 /* DrunkMode.plist */,
			);
			name = DynamicLibraries;
			sourceTree = "<group>";
		};
/* End PBXGroup section */

/* Begin PBXHeadersBuildPhase section */
		FE14F05017190E770095E460 /* Headers */ = {
			isa = PBXHeadersBuildPhase;
			buildActionMask = 2147483647;
			files = (
				FE14F06F1719242E0095E460 /* Resources.h in Headers */,
			);
			runOnlyForDeploymentPostprocessing = 0;
		};
/* End PBXHeadersBuildPhase section */

/* Begin PBXNativeTarget section */
		FE14F05217190E770095E460 /* DrunkMode */ = {
			isa = PBXNativeTarget;
			buildConfigurationList = FE14F06817190E770095E460 /* Build configuration list for PBXNativeTarget "DrunkMode" */;
			buildPhases = (
				FE14F04E17190E770095E460 /* Sources */,
				FE14F04F17190E770095E460 /* Frameworks */,
				FE14F05017190E770095E460 /* Headers */,
				FE14F05117190E770095E460 /* ShellScript */,
			);
			buildRules = (
			);
			dependencies = (
			);
			name = DrunkMode;
			productName = DrunkMode;
			productReference = FE14F05317190E770095E460 /* DrunkMode.dylib */;
			productType = "com.apple.product-type.library.dynamic";
		};
/* End PBXNativeTarget section */

/* Begin PBXProject section */
		FE14F04A17190E770095E460 /* Project object */ = {
			isa = PBXProject;
			attributes = {
				LastUpgradeCheck = 0460;
			};
			buildConfigurationList = FE14F04D17190E770095E460 /* Build configuration list for PBXProject "DrunkMode" */;
			compatibilityVersion = "Xcode 3.2";
			developmentRegion = English;
			hasScannedForEncodings = 0;
			knownRegions = (
				en,
			);
			mainGroup = FE14F04917190E770095E460;
			productRefGroup = FE14F05417190E770095E460 /* Products */;
			projectDirPath = "";
			projectRoot = "";
			targets = (
				FE14F05217190E770095E460 /* DrunkMode */,
			);
		};
/* End PBXProject section */

/* Begin PBXShellScriptBuildPhase section */
		FE14F05117190E770095E460 /* ShellScript */ = {
			isa = PBXShellScriptBuildPhase;
			buildActionMask = 2147483647;
			files = (
			);
			inputPaths = (
			);
			outputPaths = (
			);
			runOnlyForDeploymentPostprocessing = 0;
			shellPath = /bin/sh;
			shellScript = "/opt/iOSOpenDev/bin/iosod --xcbp";
		};
/* End PBXShellScriptBuildPhase section */

/* Begin PBXSourcesBuildPhase section */
		FE14F04E17190E770095E460 /* Sources */ = {
			isa = PBXSourcesBuildPhase;
			buildActionMask = 2147483647;
			files = (
				FE14F06117190E770095E460 /* DrunkMode.mm in Sources */,
				FE14F0701719242E0095E460 /* Resources.mm in Sources */,
			);
			runOnlyForDeploymentPostprocessing = 0;
		};
/* End PBXSourcesBuildPhase section */

/* Begin XCBuildConfiguration section */
		FE14F06617190E770095E460 /* Debug */ = {
			isa = XCBuildConfiguration;
			buildSettings = {
				CLANG_ENABLE_OBJC_ARC = YES;
				CODE_SIGN_IDENTITY = "";
				COPY_PHASE_STRIP = NO;
				EXCLUDED_RECURSIVE_SEARCH_PATH_SUBDIRECTORIES = "*.nib *.lproj *.gch (*) .DS_Store CVS .svn .git .hg *.xcodeproj *.xcode *.pbproj *.pbxproj";
				FRAMEWORK_SEARCH_PATHS = (
					"$(iOSOpenDevPath)/frameworks/**",
					"$(SDKROOT)/System/Library/PrivateFrameworks",
				);
				GCC_C_LANGUAGE_STANDARD = gnu99;
				GCC_DYNAMIC_NO_PIC = NO;
				GCC_OPTIMIZATION_LEVEL = 0;
				GCC_PREPROCESSOR_DEFINITIONS = (
					"DEBUG=1",
					"$(inherited)",
				);
				GCC_SYMBOLS_PRIVATE_EXTERN = NO;
				GCC_WARN_ABOUT_MISSING_PROTOTYPES = YES;
				GCC_WARN_ABOUT_RETURN_TYPE = YES;
				GCC_WARN_UNUSED_VARIABLE = YES;
				HEADER_SEARCH_PATHS = "$(iOSOpenDevPath)/include/**";
				IPHONEOS_DEPLOYMENT_TARGET = 5.0;
				LIBRARY_SEARCH_PATHS = "$(iOSOpenDevPath)/lib/**";
				ONLY_ACTIVE_ARCH = NO;
				SDKROOT = iphoneos;
				TARGETED_DEVICE_FAMILY = "1,2";
				VALIDATE_PRODUCT = NO;
				VALID_ARCHS = armv7;
				iOSOpenDevPath = /opt/iOSOpenDev;
			};
			name = Debug;
		};
		FE14F06717190E770095E460 /* Release */ = {
			isa = XCBuildConfiguration;
			buildSettings = {
				CLANG_ENABLE_OBJC_ARC = YES;
				CODE_SIGN_IDENTITY = "";
				COPY_PHASE_STRIP = YES;
				EXCLUDED_RECURSIVE_SEARCH_PATH_SUBDIRECTORIES = "*.nib *.lproj *.gch (*) .DS_Store CVS .svn .git .hg *.xcodeproj *.xcode *.pbproj *.pbxproj";
				FRAMEWORK_SEARCH_PATHS = (
					"$(iOSOpenDevPath)/frameworks/**",
					"$(SDKROOT)/System/Library/PrivateFrameworks",
				);
				GCC_C_LANGUAGE_STANDARD = gnu99;
				GCC_WARN_ABOUT_MISSING_PROTOTYPES = YES;
				GCC_WARN_ABOUT_RETURN_TYPE = YES;
				GCC_WARN_UNUSED_VARIABLE = YES;
				HEADER_SEARCH_PATHS = "$(iOSOpenDevPath)/include/**";
				IPHONEOS_DEPLOYMENT_TARGET = 5.0;
				LIBRARY_SEARCH_PATHS = "$(iOSOpenDevPath)/lib/**";
				ONLY_ACTIVE_ARCH = NO;
				SDKROOT = iphoneos;
				TARGETED_DEVICE_FAMILY = "1,2";
				VALIDATE_PRODUCT = YES;
				VALID_ARCHS = armv7;
				iOSOpenDevPath = /opt/iOSOpenDev;
			};
			name = Release;
		};
		FE14F06917190E770095E460 /* Debug */ = {
			isa = XCBuildConfiguration;
			buildSettings = {
				CLANG_ENABLE_OBJC_ARC = YES;
				DYLIB_COMPATIBILITY_VERSION = 1;
				DYLIB_CURRENT_VERSION = 1;
				GCC_PRECOMPILE_PREFIX_HEADER = YES;
				GCC_PREFIX_HEADER = "DrunkMode/DrunkMode-Prefix.pch";
				INSTALL_PATH = /Library/MobileSubstrate/DynamicLibraries;
				ONLY_ACTIVE_ARCH = NO;
				PRODUCT_NAME = "$(TARGET_NAME)";
				VALID_ARCHS = armv7;
				iOSOpenDevBuildPackageOnAnyBuild = NO;
				iOSOpenDevCopyOnBuild = NO;
				iOSOpenDevDevice = "";
				iOSOpenDevInstallOnAnyBuild = NO;
				iOSOpenDevInstallOnProfiling = YES;
				iOSOpenDevRespringOnInstall = YES;
				iOSOpenDevUsePackageVersionPList = YES;
			};
			name = Debug;
		};
		FE14F06A17190E770095E460 /* Release */ = {
			isa = XCBuildConfiguration;
			buildSettings = {
				CLANG_ENABLE_OBJC_ARC = YES;
				DYLIB_COMPATIBILITY_VERSION = 1;
				DYLIB_CURRENT_VERSION = 1;
				GCC_PRECOMPILE_PREFIX_HEADER = YES;
				GCC_PREFIX_HEADER = "DrunkMode/DrunkMode-Prefix.pch";
				INSTALL_PATH = /Library/MobileSubstrate/DynamicLibraries;
				ONLY_ACTIVE_ARCH = NO;
				PRODUCT_NAME = "$(TARGET_NAME)";
				VALID_ARCHS = armv7;
				iOSOpenDevBuildPackageOnAnyBuild = NO;
				iOSOpenDevCopyOnBuild = NO;
				iOSOpenDevDevice = "";
				iOSOpenDevInstallOnAnyBuild = NO;
				iOSOpenDevInstallOnProfiling = YES;
				iOSOpenDevRespringOnInstall = YES;
				iOSOpenDevUsePackageVersionPList = YES;
			};
			name = Release;
		};
/* End XCBuildConfiguration section */

/* Begin XCConfigurationList section */
		FE14F04D17190E770095E460 /* Build configuration list for PBXProject "DrunkMode" */ = {
			isa = XCConfigurationList;
			buildConfigurations = (
				FE14F06617190E770095E460 /* Debug */,
				FE14F06717190E770095E460 /* Release */,
			);
			defaultConfigurationIsVisible = 0;
			defaultConfigurationName = Release;
		};
		FE14F06817190E770095E460 /* Build configuration list for PBXNativeTarget "DrunkMode" */ = {
			isa = XCConfigurationList;
			buildConfigurations = (
				FE14F06917190E770095E460 /* Debug */,
				FE14F06A17190E770095E460 /* Release */,
			);
			defaultConfigurationIsVisible = 0;
			defaultConfigurationName = Release;
		};
/* End XCConfigurationList section */
	};
	rootObject = FE14F04A17190E770095E460 /* Project object */;
}
